
Microsoft Visual Studio Solution File, Format Version 12.00
# Visual Studio Version 17
VisualStudioVersion = 17.4.33110.190
MinimumVisualStudioVersion = 10.0.40219.1
Project("{FAE04EC0-301F-11D3-BF4B-00C04F79EFBC}") = "ModeloDesarroloAOE", "ModeloDesarroloAOE\ModeloDesarroloAOE.csproj", "{C4DF985D-22EF-4420-AF5F-EEF0C14E9777}"
EndProject
Global
	GlobalSection(SolutionConfigurationPlatforms) = preSolution
		Debug|Any CPU = Debug|Any CPU
		Release|Any CPU = Release|Any CPU
	EndGlobalSection
	GlobalSection(ProjectConfigurationPlatforms) = postSolution
		{C4DF985D-22EF-4420-AF5F-EEF0C14E9777}.Debug|Any CPU.ActiveCfg = Debug|Any CPU
		{C4DF985D-22EF-4420-AF5F-EEF0C14E9777}.Debug|Any CPU.Build.0 = Debug|Any CPU
		{C4DF985D-22EF-4420-AF5F-EEF0C14E9777}.Release|Any CPU.ActiveCfg = Release|Any CPU
		{C4DF985D-22EF-4420-AF5F-EEF0C14E9777}.Release|Any CPU.Build.0 = Release|Any CPU
	EndGlobalSection
	GlobalSection(SolutionProperties) = preSolution
		HideSolutionNode = FALSE
	EndGlobalSection
	GlobalSection(ExtensibilityGlobals) = postSolution
		SolutionGuid = {5F521571-27EF-4641-A419-82FC77C99641}
	EndGlobalSection
EndGlobal
